// !$*UTF8*$!
{
	archiveVersion = 1;
	classes = {
	};
	objectVersion = 50;
	objects = {

/* Begin PBXBuildFile section */
		0702435D20F2F8EE00181003 /* CommAudioUnitViewController.m in Sources */ = {isa = PBXBuildFile; fileRef = 0702435C20F2F8EE00181003 /* CommAudioUnitViewController.m */; };
		0702435F20F2FAFF00181003 /* CoreMedia.framework in Frameworks */ = {isa = PBXBuildFile; fileRef = 0702435E20F2FAFF00181003 /* CoreMedia.framework */; };
		0702436320F304C200181003 /* AudioToolbox.framework in Frameworks */ = {isa = PBXBuildFile; fileRef = 0702436220F304C100181003 /* AudioToolbox.framework */; };
		0702436420F3079A00181003 /* libz.tbd in Frameworks */ = {isa = PBXBuildFile; fileRef = 07062EAB20E4D6F500409EFF /* libz.tbd */; };
		07062DF520E4D62300409EFF /* AppDelegate.m in Sources */ = {isa = PBXBuildFile; fileRef = 07062DF420E4D62300409EFF /* AppDelegate.m */; };
		07062DF820E4D62300409EFF /* ViewController.m in Sources */ = {isa = PBXBuildFile; fileRef = 07062DF720E4D62300409EFF /* ViewController.m */; };
		07062DFB20E4D62300409EFF /* Main.storyboard in Resources */ = {isa = PBXBuildFile; fileRef = 07062DF920E4D62300409EFF /* Main.storyboard */; };
		07062DFD20E4D62D00409EFF /* Assets.xcassets in Resources */ = {isa = PBXBuildFile; fileRef = 07062DFC20E4D62D00409EFF /* Assets.xcassets */; };
		07062E0020E4D62D00409EFF /* LaunchScreen.storyboard in Resources */ = {isa = PBXBuildFile; fileRef = 07062DFE20E4D62D00409EFF /* LaunchScreen.storyboard */; };
		07062E0320E4D62D00409EFF /* main.m in Sources */ = {isa = PBXBuildFile; fileRef = 07062E0220E4D62D00409EFF /* main.m */; };
		07062E0D20E4D62D00409EFF /* GleeeLiFFMpegTests.m in Sources */ = {isa = PBXBuildFile; fileRef = 07062E0C20E4D62D00409EFF /* GleeeLiFFMpegTests.m */; };
		07062E1820E4D62D00409EFF /* GleeeLiFFMpegUITests.m in Sources */ = {isa = PBXBuildFile; fileRef = 07062E1720E4D62D00409EFF /* GleeeLiFFMpegUITests.m */; };
		07062EAE20E4D70100409EFF /* libbz2.tbd in Frameworks */ = {isa = PBXBuildFile; fileRef = 07062EAD20E4D70100409EFF /* libbz2.tbd */; };
		07062EB020E4D70D00409EFF /* libiconv.tbd in Frameworks */ = {isa = PBXBuildFile; fileRef = 07062EAF20E4D70D00409EFF /* libiconv.tbd */; };
		07062EF020E4E86200409EFF /* libavdevice.a in Frameworks */ = {isa = PBXBuildFile; fileRef = 07062EE520E4E86100409EFF /* libavdevice.a */; };
		07062EF120E4E86200409EFF /* libpostproc.a in Frameworks */ = {isa = PBXBuildFile; fileRef = 07062EE620E4E86100409EFF /* libpostproc.a */; };
		07062EF220E4E86200409EFF /* libswscale.a in Frameworks */ = {isa = PBXBuildFile; fileRef = 07062EE720E4E86100409EFF /* libswscale.a */; };
		07062EF320E4E86200409EFF /* libswresample.a in Frameworks */ = {isa = PBXBuildFile; fileRef = 07062EE820E4E86100409EFF /* libswresample.a */; };
		07062EF420E4E86200409EFF /* README.md in Resources */ = {isa = PBXBuildFile; fileRef = 07062EE920E4E86200409EFF /* README.md */; };
		07062EF520E4E86200409EFF /* libavformat.a in Frameworks */ = {isa = PBXBuildFile; fileRef = 07062EEA20E4E86200409EFF /* libavformat.a */; };
		07062EF620E4E86200409EFF /* libfaac.a in Frameworks */ = {isa = PBXBuildFile; fileRef = 07062EEB20E4E86200409EFF /* libfaac.a */; };
		07062EF720E4E86200409EFF /* libx264.a in Frameworks */ = {isa = PBXBuildFile; fileRef = 07062EEC20E4E86200409EFF /* libx264.a */; };
		07062EF820E4E86200409EFF /* libavcodec.a in Frameworks */ = {isa = PBXBuildFile; fileRef = 07062EED20E4E86200409EFF /* libavcodec.a */; };
		07062EF920E4E86200409EFF /* libavfilter.a in Frameworks */ = {isa = PBXBuildFile; fileRef = 07062EEE20E4E86200409EFF /* libavfilter.a */; };
		07062EFA20E4E86200409EFF /* libavutil.a in Frameworks */ = {isa = PBXBuildFile; fileRef = 07062EEF20E4E86200409EFF /* libavutil.a */; };
		07062EFC20E4E8D400409EFF /* NineMinute.mp4 in Resources */ = {isa = PBXBuildFile; fileRef = 07062EFB20E4E8D400409EFF /* NineMinute.mp4 */; };
		07062EFF20E4E97E00409EFF /* GainYUVDataViewController.m in Sources */ = {isa = PBXBuildFile; fileRef = 07062EFE20E4E97E00409EFF /* GainYUVDataViewController.m */; };
		07C233A220EF5B2100C0E80B /* CommAudioViewController.m in Sources */ = {isa = PBXBuildFile; fileRef = 07C233A120EF5B2100C0E80B /* CommAudioViewController.m */; };
		193958EA22A0D6F600118F45 /* BookStudyNoteViewController.m in Sources */ = {isa = PBXBuildFile; fileRef = 193958E922A0D6F600118F45 /* BookStudyNoteViewController.m */; };
		198265C222B8D69C0062E1C5 /* avio_reading.c in Sources */ = {isa = PBXBuildFile; fileRef = 198265C122B8D69C0062E1C5 /* avio_reading.c */; };
		198265C522B8E1050062E1C5 /* RunCExampleViewController.m in Sources */ = {isa = PBXBuildFile; fileRef = 198265C422B8E1050062E1C5 /* RunCExampleViewController.m */; };
		198265C722B8EE4B0062E1C5 /* test2.mp4 in Resources */ = {isa = PBXBuildFile; fileRef = 198265C622B8EE4B0062E1C5 /* test2.mp4 */; };
		19946D6722BA3FFA0051A7A3 /* test.mp3 in Resources */ = {isa = PBXBuildFile; fileRef = 19946D6622BA3FFA0051A7A3 /* test.mp3 */; };
		1999993E221D5665006982E7 /* KxmoviewStudyViewController.m in Sources */ = {isa = PBXBuildFile; fileRef = 1999993D221D5665006982E7 /* KxmoviewStudyViewController.m */; };
		1999994B221D5756006982E7 /* KxMovieViewController.m in Sources */ = {isa = PBXBuildFile; fileRef = 19999940221D5756006982E7 /* KxMovieViewController.m */; };
		1999994C221D5756006982E7 /* KxMovieGLView.m in Sources */ = {isa = PBXBuildFile; fileRef = 19999942221D5756006982E7 /* KxMovieGLView.m */; };
		1999994D221D5756006982E7 /* kxmovie.bundle in Resources */ = {isa = PBXBuildFile; fileRef = 19999944221D5756006982E7 /* kxmovie.bundle */; };
		1999994E221D5756006982E7 /* KxAudioManager.m in Sources */ = {isa = PBXBuildFile; fileRef = 19999945221D5756006982E7 /* KxAudioManager.m */; };
		1999994F221D5756006982E7 /* KxMovieDecoder.m in Sources */ = {isa = PBXBuildFile; fileRef = 19999949221D5756006982E7 /* KxMovieDecoder.m */; };
		19ACFA1D22A755890017078A /* muxing.c in Sources */ = {isa = PBXBuildFile; fileRef = 19ACFA1C22A755890017078A /* muxing.c */; };
		19AEC9EC22B9E166003D5BD2 /* decode_audio.c in Sources */ = {isa = PBXBuildFile; fileRef = 19AEC9EB22B9E166003D5BD2 /* decode_audio.c */; };
		19B9A591215341FD00E33A5C /* TimeBaseStudyViewController.m in Sources */ = {isa = PBXBuildFile; fileRef = 19B9A590215341FD00E33A5C /* TimeBaseStudyViewController.m */; };
/* End PBXBuildFile section */

/* Begin PBXContainerItemProxy section */
		07062E0920E4D62D00409EFF /* PBXContainerItemProxy */ = {
			isa = PBXContainerItemProxy;
			containerPortal = 07062DE820E4D62300409EFF /* Project object */;
			proxyType = 1;
			remoteGlobalIDString = 07062DEF20E4D62300409EFF;
			remoteInfo = GleeeLiFFMpeg;
		};
		07062E1420E4D62D00409EFF /* PBXContainerItemProxy */ = {
			isa = PBXContainerItemProxy;
			containerPortal = 07062DE820E4D62300409EFF /* Project object */;
			proxyType = 1;
			remoteGlobalIDString = 07062DEF20E4D62300409EFF;
			remoteInfo = GleeeLiFFMpeg;
		};
/* End PBXContainerItemProxy section */

/* Begin PBXFileReference section */
		0702435B20F2F8EE00181003 /* CommAudioUnitViewController.h */ = {isa = PBXFileReference; lastKnownFileType = sourcecode.c.h; path = CommAudioUnitViewController.h; sourceTree = "<group>"; };
		0702435C20F2F8EE00181003 /* CommAudioUnitViewController.m */ = {isa = PBXFileReference; lastKnownFileType = sourcecode.c.objc; path = CommAudioUnitViewController.m; sourceTree = "<group>"; };
		0702435E20F2FAFF00181003 /* CoreMedia.framework */ = {isa = PBXFileReference; lastKnownFileType = wrapper.framework; name = CoreMedia.framework; path = System/Library/Frameworks/CoreMedia.framework; sourceTree = SDKROOT; };
		0702436020F2FB1A00181003 /* AudioUnit.framework */ = {isa = PBXFileReference; lastKnownFileType = wrapper.framework; name = AudioUnit.framework; path = System/Library/Frameworks/AudioUnit.framework; sourceTree = SDKROOT; };
		0702436220F304C100181003 /* AudioToolbox.framework */ = {isa = PBXFileReference; lastKnownFileType = wrapper.framework; name = AudioToolbox.framework; path = System/Library/Frameworks/AudioToolbox.framework; sourceTree = SDKROOT; };
		07062DF020E4D62300409EFF /* GleeeLiFFMpeg.app */ = {isa = PBXFileReference; explicitFileType = wrapper.application; includeInIndex = 0; path = GleeeLiFFMpeg.app; sourceTree = BUILT_PRODUCTS_DIR; };
		07062DF320E4D62300409EFF /* AppDelegate.h */ = {isa = PBXFileReference; lastKnownFileType = sourcecode.c.h; path = AppDelegate.h; sourceTree = "<group>"; };
		07062DF420E4D62300409EFF /* AppDelegate.m */ = {isa = PBXFileReference; lastKnownFileType = sourcecode.c.objc; path = AppDelegate.m; sourceTree = "<group>"; };
		07062DF620E4D62300409EFF /* ViewController.h */ = {isa = PBXFileReference; lastKnownFileType = sourcecode.c.h; path = ViewController.h; sourceTree = "<group>"; };
		07062DF720E4D62300409EFF /* ViewController.m */ = {isa = PBXFileReference; lastKnownFileType = sourcecode.c.objc; path = ViewController.m; sourceTree = "<group>"; };
		07062DFA20E4D62300409EFF /* Base */ = {isa = PBXFileReference; lastKnownFileType = file.storyboard; name = Base; path = Base.lproj/Main.storyboard; sourceTree = "<group>"; };
		07062DFC20E4D62D00409EFF /* Assets.xcassets */ = {isa = PBXFileReference; lastKnownFileType = folder.assetcatalog; path = Assets.xcassets; sourceTree = "<group>"; };
		07062DFF20E4D62D00409EFF /* Base */ = {isa = PBXFileReference; lastKnownFileType = file.storyboard; name = Base; path = Base.lproj/LaunchScreen.storyboard; sourceTree = "<group>"; };
		07062E0120E4D62D00409EFF /* Info.plist */ = {isa = PBXFileReference; lastKnownFileType = text.plist.xml; path = Info.plist; sourceTree = "<group>"; };
		07062E0220E4D62D00409EFF /* main.m */ = {isa = PBXFileReference; lastKnownFileType = sourcecode.c.objc; path = main.m; sourceTree = "<group>"; };
		07062E0820E4D62D00409EFF /* GleeeLiFFMpegTests.xctest */ = {isa = PBXFileReference; explicitFileType = wrapper.cfbundle; includeInIndex = 0; path = GleeeLiFFMpegTests.xctest; sourceTree = BUILT_PRODUCTS_DIR; };
		07062E0C20E4D62D00409EFF /* GleeeLiFFMpegTests.m */ = {isa = PBXFileReference; lastKnownFileType = sourcecode.c.objc; path = GleeeLiFFMpegTests.m; sourceTree = "<group>"; };
		07062E0E20E4D62D00409EFF /* Info.plist */ = {isa = PBXFileReference; lastKnownFileType = text.plist.xml; path = Info.plist; sourceTree = "<group>"; };
		07062E1320E4D62D00409EFF /* GleeeLiFFMpegUITests.xctest */ = {isa = PBXFileReference; explicitFileType = wrapper.cfbundle; includeInIndex = 0; path = GleeeLiFFMpegUITests.xctest; sourceTree = BUILT_PRODUCTS_DIR; };
		07062E1720E4D62D00409EFF /* GleeeLiFFMpegUITests.m */ = {isa = PBXFileReference; lastKnownFileType = sourcecode.c.objc; path = GleeeLiFFMpegUITests.m; sourceTree = "<group>"; };
		07062E1920E4D62D00409EFF /* Info.plist */ = {isa = PBXFileReference; lastKnownFileType = text.plist.xml; path = Info.plist; sourceTree = "<group>"; };
		07062EAB20E4D6F500409EFF /* libz.tbd */ = {isa = PBXFileReference; lastKnownFileType = "sourcecode.text-based-dylib-definition"; name = libz.tbd; path = usr/lib/libz.tbd; sourceTree = SDKROOT; };
		07062EAD20E4D70100409EFF /* libbz2.tbd */ = {isa = PBXFileReference; lastKnownFileType = "sourcecode.text-based-dylib-definition"; name = libbz2.tbd; path = usr/lib/libbz2.tbd; sourceTree = SDKROOT; };
		07062EAF20E4D70D00409EFF /* libiconv.tbd */ = {isa = PBXFileReference; lastKnownFileType = "sourcecode.text-based-dylib-definition"; name = libiconv.tbd; path = usr/lib/libiconv.tbd; sourceTree = SDKROOT; };
		07062EB520E4D8DA00409EFF /* CommHeader.h */ = {isa = PBXFileReference; fileEncoding = 4; lastKnownFileType = sourcecode.c.h; path = CommHeader.h; sourceTree = "<group>"; };
		07062EE520E4E86100409EFF /* libavdevice.a */ = {isa = PBXFileReference; lastKnownFileType = archive.ar; path = libavdevice.a; sourceTree = "<group>"; };
		07062EE620E4E86100409EFF /* libpostproc.a */ = {isa = PBXFileReference; lastKnownFileType = archive.ar; path = libpostproc.a; sourceTree = "<group>"; };
		07062EE720E4E86100409EFF /* libswscale.a */ = {isa = PBXFileReference; lastKnownFileType = archive.ar; path = libswscale.a; sourceTree = "<group>"; };
		07062EE820E4E86100409EFF /* libswresample.a */ = {isa = PBXFileReference; lastKnownFileType = archive.ar; path = libswresample.a; sourceTree = "<group>"; };
		07062EE920E4E86200409EFF /* README.md */ = {isa = PBXFileReference; fileEncoding = 4; lastKnownFileType = net.daringfireball.markdown; path = README.md; sourceTree = "<group>"; };
		07062EEA20E4E86200409EFF /* libavformat.a */ = {isa = PBXFileReference; lastKnownFileType = archive.ar; path = libavformat.a; sourceTree = "<group>"; };
		07062EEB20E4E86200409EFF /* libfaac.a */ = {isa = PBXFileReference; lastKnownFileType = archive.ar; path = libfaac.a; sourceTree = "<group>"; };
		07062EEC20E4E86200409EFF /* libx264.a */ = {isa = PBXFileReference; lastKnownFileType = archive.ar; path = libx264.a; sourceTree = "<group>"; };
		07062EED20E4E86200409EFF /* libavcodec.a */ = {isa = PBXFileReference; lastKnownFileType = archive.ar; path = libavcodec.a; sourceTree = "<group>"; };
		07062EEE20E4E86200409EFF /* libavfilter.a */ = {isa = PBXFileReference; lastKnownFileType = archive.ar; path = libavfilter.a; sourceTree = "<group>"; };
		07062EEF20E4E86200409EFF /* libavutil.a */ = {isa = PBXFileReference; lastKnownFileType = archive.ar; path = libavutil.a; sourceTree = "<group>"; };
		07062EFB20E4E8D400409EFF /* NineMinute.mp4 */ = {isa = PBXFileReference; lastKnownFileType = file; path = NineMinute.mp4; sourceTree = "<group>"; };
		07062EFD20E4E97E00409EFF /* GainYUVDataViewController.h */ = {isa = PBXFileReference; lastKnownFileType = sourcecode.c.h; path = GainYUVDataViewController.h; sourceTree = "<group>"; };
		07062EFE20E4E97E00409EFF /* GainYUVDataViewController.m */ = {isa = PBXFileReference; lastKnownFileType = sourcecode.c.objc; path = GainYUVDataViewController.m; sourceTree = "<group>"; };
		07C233A020EF5B2100C0E80B /* CommAudioViewController.h */ = {isa = PBXFileReference; lastKnownFileType = sourcecode.c.h; path = CommAudioViewController.h; sourceTree = "<group>"; };
		07C233A120EF5B2100C0E80B /* CommAudioViewController.m */ = {isa = PBXFileReference; lastKnownFileType = sourcecode.c.objc; path = CommAudioViewController.m; sourceTree = "<group>"; };
		193958E822A0D6F600118F45 /* BookStudyNoteViewController.h */ = {isa = PBXFileReference; lastKnownFileType = sourcecode.c.h; path = BookStudyNoteViewController.h; sourceTree = "<group>"; };
		193958E922A0D6F600118F45 /* BookStudyNoteViewController.m */ = {isa = PBXFileReference; lastKnownFileType = sourcecode.c.objc; path = BookStudyNoteViewController.m; sourceTree = "<group>"; };
		198265C022B8D69C0062E1C5 /* avio_reading.h */ = {isa = PBXFileReference; lastKnownFileType = sourcecode.c.h; path = avio_reading.h; sourceTree = "<group>"; };
		198265C122B8D69C0062E1C5 /* avio_reading.c */ = {isa = PBXFileReference; lastKnownFileType = sourcecode.c.c; path = avio_reading.c; sourceTree = "<group>"; };
		198265C322B8E1050062E1C5 /* RunCExampleViewController.h */ = {isa = PBXFileReference; lastKnownFileType = sourcecode.c.h; path = RunCExampleViewController.h; sourceTree = "<group>"; };
		198265C422B8E1050062E1C5 /* RunCExampleViewController.m */ = {isa = PBXFileReference; lastKnownFileType = sourcecode.c.objc; path = RunCExampleViewController.m; sourceTree = "<group>"; };
		198265C622B8EE4B0062E1C5 /* test2.mp4 */ = {isa = PBXFileReference; lastKnownFileType = file; path = test2.mp4; sourceTree = "<group>"; };
		19946D6622BA3FFA0051A7A3 /* test.mp3 */ = {isa = PBXFileReference; lastKnownFileType = audio.mp3; path = test.mp3; sourceTree = "<group>"; };
		1999993C221D5665006982E7 /* KxmoviewStudyViewController.h */ = {isa = PBXFileReference; lastKnownFileType = sourcecode.c.h; path = KxmoviewStudyViewController.h; sourceTree = "<group>"; };
		1999993D221D5665006982E7 /* KxmoviewStudyViewController.m */ = {isa = PBXFileReference; lastKnownFileType = sourcecode.c.objc; path = KxmoviewStudyViewController.m; sourceTree = "<group>"; };
		19999940221D5756006982E7 /* KxMovieViewController.m */ = {isa = PBXFileReference; fileEncoding = 4; lastKnownFileType = sourcecode.c.objc; path = KxMovieViewController.m; sourceTree = "<group>"; };
		19999941221D5756006982E7 /* KxMovieDecoder.h */ = {isa = PBXFileReference; fileEncoding = 4; lastKnownFileType = sourcecode.c.h; path = KxMovieDecoder.h; sourceTree = "<group>"; };
		19999942221D5756006982E7 /* KxMovieGLView.m */ = {isa = PBXFileReference; fileEncoding = 4; lastKnownFileType = sourcecode.c.objc; path = KxMovieGLView.m; sourceTree = "<group>"; };
		19999943221D5756006982E7 /* KxLogger.h */ = {isa = PBXFileReference; fileEncoding = 4; lastKnownFileType = sourcecode.c.h; path = KxLogger.h; sourceTree = "<group>"; };
		19999944221D5756006982E7 /* kxmovie.bundle */ = {isa = PBXFileReference; lastKnownFileType = "wrapper.plug-in"; path = kxmovie.bundle; sourceTree = "<group>"; };
		19999945221D5756006982E7 /* KxAudioManager.m */ = {isa = PBXFileReference; fileEncoding = 4; lastKnownFileType = sourcecode.c.objc; path = KxAudioManager.m; sourceTree = "<group>"; };
		19999946221D5756006982E7 /* kxmovie-Prefix.pch */ = {isa = PBXFileReference; fileEncoding = 4; lastKnownFileType = sourcecode.c.h; path = "kxmovie-Prefix.pch"; sourceTree = "<group>"; };
		19999947221D5756006982E7 /* KxMovieViewController.h */ = {isa = PBXFileReference; fileEncoding = 4; lastKnownFileType = sourcecode.c.h; path = KxMovieViewController.h; sourceTree = "<group>"; };
		19999948221D5756006982E7 /* KxMovieGLView.h */ = {isa = PBXFileReference; fileEncoding = 4; lastKnownFileType = sourcecode.c.h; path = KxMovieGLView.h; sourceTree = "<group>"; };
		19999949221D5756006982E7 /* KxMovieDecoder.m */ = {isa = PBXFileReference; fileEncoding = 4; lastKnownFileType = sourcecode.c.objc; path = KxMovieDecoder.m; sourceTree = "<group>"; };
		1999994A221D5756006982E7 /* KxAudioManager.h */ = {isa = PBXFileReference; fileEncoding = 4; lastKnownFileType = sourcecode.c.h; path = KxAudioManager.h; sourceTree = "<group>"; };
		19ACFA1B22A755890017078A /* muxing.h */ = {isa = PBXFileReference; lastKnownFileType = sourcecode.c.h; path = muxing.h; sourceTree = "<group>"; };
		19ACFA1C22A755890017078A /* muxing.c */ = {isa = PBXFileReference; lastKnownFileType = sourcecode.c.c; path = muxing.c; sourceTree = "<group>"; };
		19AEC9EA22B9E166003D5BD2 /* decode_audio.h */ = {isa = PBXFileReference; lastKnownFileType = sourcecode.c.h; path = decode_audio.h; sourceTree = "<group>"; };
		19AEC9EB22B9E166003D5BD2 /* decode_audio.c */ = {isa = PBXFileReference; lastKnownFileType = sourcecode.c.c; path = decode_audio.c; sourceTree = "<group>"; };
		19B9A58F215341FD00E33A5C /* TimeBaseStudyViewController.h */ = {isa = PBXFileReference; lastKnownFileType = sourcecode.c.h; path = TimeBaseStudyViewController.h; sourceTree = "<group>"; };
		19B9A590215341FD00E33A5C /* TimeBaseStudyViewController.m */ = {isa = PBXFileReference; lastKnownFileType = sourcecode.c.objc; path = TimeBaseStudyViewController.m; sourceTree = "<group>"; };
/* End PBXFileReference section */

/* Begin PBXFrameworksBuildPhase section */
		07062DED20E4D62300409EFF /* Frameworks */ = {
			isa = PBXFrameworksBuildPhase;
			buildActionMask = 2147483647;
			files = (
				0702436420F3079A00181003 /* libz.tbd in Frameworks */,
				0702436320F304C200181003 /* AudioToolbox.framework in Frameworks */,
				0702435F20F2FAFF00181003 /* CoreMedia.framework in Frameworks */,
				07062EF920E4E86200409EFF /* libavfilter.a in Frameworks */,
				07062EF220E4E86200409EFF /* libswscale.a in Frameworks */,
				07062EB020E4D70D00409EFF /* libiconv.tbd in Frameworks */,
				07062EF620E4E86200409EFF /* libfaac.a in Frameworks */,
				07062EAE20E4D70100409EFF /* libbz2.tbd in Frameworks */,
				07062EF520E4E86200409EFF /* libavformat.a in Frameworks */,
				07062EF120E4E86200409EFF /* libpostproc.a in Frameworks */,
				07062EF020E4E86200409EFF /* libavdevice.a in Frameworks */,
				07062EF720E4E86200409EFF /* libx264.a in Frameworks */,
				07062EF820E4E86200409EFF /* libavcodec.a in Frameworks */,
				07062EFA20E4E86200409EFF /* libavutil.a in Frameworks */,
				07062EF320E4E86200409EFF /* libswresample.a in Frameworks */,
			);
			runOnlyForDeploymentPostprocessing = 0;
		};
		07062E0520E4D62D00409EFF /* Frameworks */ = {
			isa = PBXFrameworksBuildPhase;
			buildActionMask = 2147483647;
			files = (
			);
			runOnlyForDeploymentPostprocessing = 0;
		};
		07062E1020E4D62D00409EFF /* Frameworks */ = {
			isa = PBXFrameworksBuildPhase;
			buildActionMask = 2147483647;
			files = (
			);
			runOnlyForDeploymentPostprocessing = 0;
		};
/* End PBXFrameworksBuildPhase section */

/* Begin PBXGroup section */
		07062DE720E4D62300409EFF = {
			isa = PBXGroup;
			children = (
				07062DF220E4D62300409EFF /* GleeeLiFFMpeg */,
				07062E0B20E4D62D00409EFF /* GleeeLiFFMpegTests */,
				07062E1620E4D62D00409EFF /* GleeeLiFFMpegUITests */,
				07062DF120E4D62300409EFF /* Products */,
				07062EAA20E4D6F500409EFF /* Frameworks */,
			);
			sourceTree = "<group>";
		};
		07062DF120E4D62300409EFF /* Products */ = {
			isa = PBXGroup;
			children = (
				07062DF020E4D62300409EFF /* GleeeLiFFMpeg.app */,
				07062E0820E4D62D00409EFF /* GleeeLiFFMpegTests.xctest */,
				07062E1320E4D62D00409EFF /* GleeeLiFFMpegUITests.xctest */,
			);
			name = Products;
			sourceTree = "<group>";
		};
		07062DF220E4D62300409EFF /* GleeeLiFFMpeg */ = {
			isa = PBXGroup;
			children = (
				193958EB22A11D0500118F45 /* BookStudy */,
				1999993B221D5635006982E7 /* kxmovieModule */,
				19B9A58E215341D200E33A5C /* SmallStudyTest */,
				07C2339F20EF5AE900C0E80B /* BaseFunc */,
				07062EE420E4E61000409EFF /* Resource */,
				07062EBA20E4E54000409EFF /* Vendor */,
				07062EB220E4D89900409EFF /* GainYUV */,
				07062DF320E4D62300409EFF /* AppDelegate.h */,
				07062DF420E4D62300409EFF /* AppDelegate.m */,
				07062DF620E4D62300409EFF /* ViewController.h */,
				07062DF720E4D62300409EFF /* ViewController.m */,
				07062DF920E4D62300409EFF /* Main.storyboard */,
				07062DFC20E4D62D00409EFF /* Assets.xcassets */,
				07062DFE20E4D62D00409EFF /* LaunchScreen.storyboard */,
				07062E0120E4D62D00409EFF /* Info.plist */,
				07062E0220E4D62D00409EFF /* main.m */,
			);
			path = GleeeLiFFMpeg;
			sourceTree = "<group>";
		};
		07062E0B20E4D62D00409EFF /* GleeeLiFFMpegTests */ = {
			isa = PBXGroup;
			children = (
				07062E0C20E4D62D00409EFF /* GleeeLiFFMpegTests.m */,
				07062E0E20E4D62D00409EFF /* Info.plist */,
			);
			path = GleeeLiFFMpegTests;
			sourceTree = "<group>";
		};
		07062E1620E4D62D00409EFF /* GleeeLiFFMpegUITests */ = {
			isa = PBXGroup;
			children = (
				07062E1720E4D62D00409EFF /* GleeeLiFFMpegUITests.m */,
				07062E1920E4D62D00409EFF /* Info.plist */,
			);
			path = GleeeLiFFMpegUITests;
			sourceTree = "<group>";
		};
		07062EAA20E4D6F500409EFF /* Frameworks */ = {
			isa = PBXGroup;
			children = (
				0702436220F304C100181003 /* AudioToolbox.framework */,
				0702436020F2FB1A00181003 /* AudioUnit.framework */,
				0702435E20F2FAFF00181003 /* CoreMedia.framework */,
				07062EAF20E4D70D00409EFF /* libiconv.tbd */,
				07062EAD20E4D70100409EFF /* libbz2.tbd */,
				07062EAB20E4D6F500409EFF /* libz.tbd */,
			);
			name = Frameworks;
			sourceTree = "<group>";
		};
		07062EB220E4D89900409EFF /* GainYUV */ = {
			isa = PBXGroup;
			children = (
				07062EB520E4D8DA00409EFF /* CommHeader.h */,
				07062EFD20E4E97E00409EFF /* GainYUVDataViewController.h */,
				07062EFE20E4E97E00409EFF /* GainYUVDataViewController.m */,
			);
			path = GainYUV;
			sourceTree = "<group>";
		};
		07062EBA20E4E54000409EFF /* Vendor */ = {
			isa = PBXGroup;
			children = (
				07062ECF20E4E56800409EFF /* FFMpeg */,
			);
			path = Vendor;
			sourceTree = "<group>";
		};
		07062ECF20E4E56800409EFF /* FFMpeg */ = {
			isa = PBXGroup;
			children = (
				07062EED20E4E86200409EFF /* libavcodec.a */,
				07062EE520E4E86100409EFF /* libavdevice.a */,
				07062EEE20E4E86200409EFF /* libavfilter.a */,
				07062EEA20E4E86200409EFF /* libavformat.a */,
				07062EEF20E4E86200409EFF /* libavutil.a */,
				07062EEB20E4E86200409EFF /* libfaac.a */,
				07062EE620E4E86100409EFF /* libpostproc.a */,
				07062EE820E4E86100409EFF /* libswresample.a */,
				07062EE720E4E86100409EFF /* libswscale.a */,
				07062EEC20E4E86200409EFF /* libx264.a */,
				07062EE920E4E86200409EFF /* README.md */,
			);
			path = FFMpeg;
			sourceTree = "<group>";
		};
		07062EE420E4E61000409EFF /* Resource */ = {
			isa = PBXGroup;
			children = (
				19946D6622BA3FFA0051A7A3 /* test.mp3 */,
				198265C622B8EE4B0062E1C5 /* test2.mp4 */,
				07062EFB20E4E8D400409EFF /* NineMinute.mp4 */,
			);
			path = Resource;
			sourceTree = "<group>";
		};
		07C2339F20EF5AE900C0E80B /* BaseFunc */ = {
			isa = PBXGroup;
			children = (
				07C233A020EF5B2100C0E80B /* CommAudioViewController.h */,
				07C233A120EF5B2100C0E80B /* CommAudioViewController.m */,
				0702435B20F2F8EE00181003 /* CommAudioUnitViewController.h */,
				0702435C20F2F8EE00181003 /* CommAudioUnitViewController.m */,
			);
			path = BaseFunc;
			sourceTree = "<group>";
		};
		193958EB22A11D0500118F45 /* BookStudy */ = {
			isa = PBXGroup;
			children = (
				193958E822A0D6F600118F45 /* BookStudyNoteViewController.h */,
				193958E922A0D6F600118F45 /* BookStudyNoteViewController.m */,
				19ACFA1B22A755890017078A /* muxing.h */,
				19ACFA1C22A755890017078A /* muxing.c */,
				198265C022B8D69C0062E1C5 /* avio_reading.h */,
				198265C122B8D69C0062E1C5 /* avio_reading.c */,
				198265C322B8E1050062E1C5 /* RunCExampleViewController.h */,
				198265C422B8E1050062E1C5 /* RunCExampleViewController.m */,
				19AEC9EA22B9E166003D5BD2 /* decode_audio.h */,
				19AEC9EB22B9E166003D5BD2 /* decode_audio.c */,
			);
			path = BookStudy;
			sourceTree = "<group>";
		};
		1999993B221D5635006982E7 /* kxmovieModule */ = {
			isa = PBXGroup;
			children = (
				1999993F221D5756006982E7 /* kxmovie */,
				1999993C221D5665006982E7 /* KxmoviewStudyViewController.h */,
				1999993D221D5665006982E7 /* KxmoviewStudyViewController.m */,
			);
			path = kxmovieModule;
			sourceTree = "<group>";
		};
		1999993F221D5756006982E7 /* kxmovie */ = {
			isa = PBXGroup;
			children = (
				1999994A221D5756006982E7 /* KxAudioManager.h */,
				19999945221D5756006982E7 /* KxAudioManager.m */,
				19999943221D5756006982E7 /* KxLogger.h */,
				19999946221D5756006982E7 /* kxmovie-Prefix.pch */,
				19999944221D5756006982E7 /* kxmovie.bundle */,
				19999941221D5756006982E7 /* KxMovieDecoder.h */,
				19999949221D5756006982E7 /* KxMovieDecoder.m */,
				19999948221D5756006982E7 /* KxMovieGLView.h */,
				19999942221D5756006982E7 /* KxMovieGLView.m */,
				19999947221D5756006982E7 /* KxMovieViewController.h */,
				19999940221D5756006982E7 /* KxMovieViewController.m */,
			);
			path = kxmovie;
			sourceTree = "<group>";
		};
		19B9A58E215341D200E33A5C /* SmallStudyTest */ = {
			isa = PBXGroup;
			children = (
				19B9A58F215341FD00E33A5C /* TimeBaseStudyViewController.h */,
				19B9A590215341FD00E33A5C /* TimeBaseStudyViewController.m */,
			);
			path = SmallStudyTest;
			sourceTree = "<group>";
		};
/* End PBXGroup section */

/* Begin PBXNativeTarget section */
		07062DEF20E4D62300409EFF /* GleeeLiFFMpeg */ = {
			isa = PBXNativeTarget;
			buildConfigurationList = 07062E1C20E4D62D00409EFF /* Build configuration list for PBXNativeTarget "GleeeLiFFMpeg" */;
			buildPhases = (
				07062DEC20E4D62300409EFF /* Sources */,
				07062DED20E4D62300409EFF /* Frameworks */,
				07062DEE20E4D62300409EFF /* Resources */,
			);
			buildRules = (
			);
			dependencies = (
			);
			name = GleeeLiFFMpeg;
			productName = GleeeLiFFMpeg;
			productReference = 07062DF020E4D62300409EFF /* GleeeLiFFMpeg.app */;
			productType = "com.apple.product-type.application";
		};
		07062E0720E4D62D00409EFF /* GleeeLiFFMpegTests */ = {
			isa = PBXNativeTarget;
			buildConfigurationList = 07062E1F20E4D62D00409EFF /* Build configuration list for PBXNativeTarget "GleeeLiFFMpegTests" */;
			buildPhases = (
				07062E0420E4D62D00409EFF /* Sources */,
				07062E0520E4D62D00409EFF /* Frameworks */,
				07062E0620E4D62D00409EFF /* Resources */,
			);
			buildRules = (
			);
			dependencies = (
				07062E0A20E4D62D00409EFF /* PBXTargetDependency */,
			);
			name = GleeeLiFFMpegTests;
			productName = GleeeLiFFMpegTests;
			productReference = 07062E0820E4D62D00409EFF /* GleeeLiFFMpegTests.xctest */;
			productType = "com.apple.product-type.bundle.unit-test";
		};
		07062E1220E4D62D00409EFF /* GleeeLiFFMpegUITests */ = {
			isa = PBXNativeTarget;
			buildConfigurationList = 07062E2220E4D62D00409EFF /* Build configuration list for PBXNativeTarget "GleeeLiFFMpegUITests" */;
			buildPhases = (
				07062E0F20E4D62D00409EFF /* Sources */,
				07062E1020E4D62D00409EFF /* Frameworks */,
				07062E1120E4D62D00409EFF /* Resources */,
			);
			buildRules = (
			);
			dependencies = (
				07062E1520E4D62D00409EFF /* PBXTargetDependency */,
			);
			name = GleeeLiFFMpegUITests;
			productName = GleeeLiFFMpegUITests;
			productReference = 07062E1320E4D62D00409EFF /* GleeeLiFFMpegUITests.xctest */;
			productType = "com.apple.product-type.bundle.ui-testing";
		};
/* End PBXNativeTarget section */

/* Begin PBXProject section */
		07062DE820E4D62300409EFF /* Project object */ = {
			isa = PBXProject;
			attributes = {
				LastUpgradeCheck = 0930;
				ORGANIZATIONNAME = gleeli;
				TargetAttributes = {
					07062DEF20E4D62300409EFF = {
						CreatedOnToolsVersion = 9.3;
					};
					07062E0720E4D62D00409EFF = {
						CreatedOnToolsVersion = 9.3;
						TestTargetID = 07062DEF20E4D62300409EFF;
					};
					07062E1220E4D62D00409EFF = {
						CreatedOnToolsVersion = 9.3;
						TestTargetID = 07062DEF20E4D62300409EFF;
					};
				};
			};
			buildConfigurationList = 07062DEB20E4D62300409EFF /* Build configuration list for PBXProject "GleeeLiFFMpeg" */;
			compatibilityVersion = "Xcode 9.3";
			developmentRegion = en;
			hasScannedForEncodings = 0;
			knownRegions = (
				en,
				Base,
			);
			mainGroup = 07062DE720E4D62300409EFF;
			productRefGroup = 07062DF120E4D62300409EFF /* Products */;
			projectDirPath = "";
			projectRoot = "";
			targets = (
				07062DEF20E4D62300409EFF /* GleeeLiFFMpeg */,
				07062E0720E4D62D00409EFF /* GleeeLiFFMpegTests */,
				07062E1220E4D62D00409EFF /* GleeeLiFFMpegUITests */,
			);
		};
/* End PBXProject section */

/* Begin PBXResourcesBuildPhase section */
		07062DEE20E4D62300409EFF /* Resources */ = {
			isa = PBXResourcesBuildPhase;
			buildActionMask = 2147483647;
			files = (
				07062E0020E4D62D00409EFF /* LaunchScreen.storyboard in Resources */,
				198265C722B8EE4B0062E1C5 /* test2.mp4 in Resources */,
				07062DFD20E4D62D00409EFF /* Assets.xcassets in Resources */,
				07062EFC20E4E8D400409EFF /* NineMinute.mp4 in Resources */,
				1999994D221D5756006982E7 /* kxmovie.bundle in Resources */,
				07062EF420E4E86200409EFF /* README.md in Resources */,
				19946D6722BA3FFA0051A7A3 /* test.mp3 in Resources */,
				07062DFB20E4D62300409EFF /* Main.storyboard in Resources */,
			);
			runOnlyForDeploymentPostprocessing = 0;
		};
		07062E0620E4D62D00409EFF /* Resources */ = {
			isa = PBXResourcesBuildPhase;
			buildActionMask = 2147483647;
			files = (
			);
			runOnlyForDeploymentPostprocessing = 0;
		};
		07062E1120E4D62D00409EFF /* Resources */ = {
			isa = PBXResourcesBuildPhase;
			buildActionMask = 2147483647;
			files = (
			);
			runOnlyForDeploymentPostprocessing = 0;
		};
/* End PBXResourcesBuildPhase section */

/* Begin PBXSourcesBuildPhase section */
		07062DEC20E4D62300409EFF /* Sources */ = {
			isa = PBXSourcesBuildPhase;
			buildActionMask = 2147483647;
			files = (
				1999994B221D5756006982E7 /* KxMovieViewController.m in Sources */,
				193958EA22A0D6F600118F45 /* BookStudyNoteViewController.m in Sources */,
				07062DF820E4D62300409EFF /* ViewController.m in Sources */,
				07062E0320E4D62D00409EFF /* main.m in Sources */,
				1999994C221D5756006982E7 /* KxMovieGLView.m in Sources */,
				1999994F221D5756006982E7 /* KxMovieDecoder.m in Sources */,
				19AEC9EC22B9E166003D5BD2 /* decode_audio.c in Sources */,
				1999993E221D5665006982E7 /* KxmoviewStudyViewController.m in Sources */,
				198265C222B8D69C0062E1C5 /* avio_reading.c in Sources */,
				07C233A220EF5B2100C0E80B /* CommAudioViewController.m in Sources */,
				198265C522B8E1050062E1C5 /* RunCExampleViewController.m in Sources */,
				19ACFA1D22A755890017078A /* muxing.c in Sources */,
				07062DF520E4D62300409EFF /* AppDelegate.m in Sources */,
				1999994E221D5756006982E7 /* KxAudioManager.m in Sources */,
				07062EFF20E4E97E00409EFF /* GainYUVDataViewController.m in Sources */,
				0702435D20F2F8EE00181003 /* CommAudioUnitViewController.m in Sources */,
				19B9A591215341FD00E33A5C /* TimeBaseStudyViewController.m in Sources */,
			);
			runOnlyForDeploymentPostprocessing = 0;
		};
		07062E0420E4D62D00409EFF /* Sources */ = {
			isa = PBXSourcesBuildPhase;
			buildActionMask = 2147483647;
			files = (
				07062E0D20E4D62D00409EFF /* GleeeLiFFMpegTests.m in Sources */,
			);
			runOnlyForDeploymentPostprocessing = 0;
		};
		07062E0F20E4D62D00409EFF /* Sources */ = {
			isa = PBXSourcesBuildPhase;
			buildActionMask = 2147483647;
			files = (
				07062E1820E4D62D00409EFF /* GleeeLiFFMpegUITests.m in Sources */,
			);
			runOnlyForDeploymentPostprocessing = 0;
		};
/* End PBXSourcesBuildPhase section */

/* Begin PBXTargetDependency section */
		07062E0A20E4D62D00409EFF /* PBXTargetDependency */ = {
			isa = PBXTargetDependency;
			target = 07062DEF20E4D62300409EFF /* GleeeLiFFMpeg */;
			targetProxy = 07062E0920E4D62D00409EFF /* PBXContainerItemProxy */;
		};
		07062E1520E4D62D00409EFF /* PBXTargetDependency */ = {
			isa = PBXTargetDependency;
			target = 07062DEF20E4D62300409EFF /* GleeeLiFFMpeg */;
			targetProxy = 07062E1420E4D62D00409EFF /* PBXContainerItemProxy */;
		};
/* End PBXTargetDependency section */

/* Begin PBXVariantGroup section */
		07062DF920E4D62300409EFF /* Main.storyboard */ = {
			isa = PBXVariantGroup;
			children = (
				07062DFA20E4D62300409EFF /* Base */,
			);
			name = Main.storyboard;
			sourceTree = "<group>";
		};
		07062DFE20E4D62D00409EFF /* LaunchScreen.storyboard */ = {
			isa = PBXVariantGroup;
			children = (
				07062DFF20E4D62D00409EFF /* Base */,
			);
			name = LaunchScreen.storyboard;
			sourceTree = "<group>";
		};
/* End PBXVariantGroup section */

/* Begin XCBuildConfiguration section */
		07062E1A20E4D62D00409EFF /* Debug */ = {
			isa = XCBuildConfiguration;
			buildSettings = {
				ALWAYS_SEARCH_USER_PATHS = NO;
				CLANG_ANALYZER_NONNULL = YES;
				CLANG_ANALYZER_NUMBER_OBJECT_CONVERSION = YES_AGGRESSIVE;
				CLANG_CXX_LANGUAGE_STANDARD = "gnu++14";
				CLANG_CXX_LIBRARY = "libc++";
				CLANG_ENABLE_MODULES = YES;
				CLANG_ENABLE_OBJC_ARC = YES;
				CLANG_ENABLE_OBJC_WEAK = YES;
				CLANG_WARN_BLOCK_CAPTURE_AUTORELEASING = YES;
				CLANG_WARN_BOOL_CONVERSION = YES;
				CLANG_WARN_COMMA = YES;
				CLANG_WARN_CONSTANT_CONVERSION = YES;
				CLANG_WARN_DEPRECATED_OBJC_IMPLEMENTATIONS = YES;
				CLANG_WARN_DIRECT_OBJC_ISA_USAGE = YES_ERROR;
				CLANG_WARN_DOCUMENTATION_COMMENTS = YES;
				CLANG_WARN_EMPTY_BODY = YES;
				CLANG_WARN_ENUM_CONVERSION = YES;
				CLANG_WARN_INFINITE_RECURSION = YES;
				CLANG_WARN_INT_CONVERSION = YES;
				CLANG_WARN_NON_LITERAL_NULL_CONVERSION = YES;
				CLANG_WARN_OBJC_IMPLICIT_RETAIN_SELF = YES;
				CLANG_WARN_OBJC_LITERAL_CONVERSION = YES;
				CLANG_WARN_OBJC_ROOT_CLASS = YES_ERROR;
				CLANG_WARN_RANGE_LOOP_ANALYSIS = YES;
				CLANG_WARN_STRICT_PROTOTYPES = YES;
				CLANG_WARN_SUSPICIOUS_MOVE = YES;
				CLANG_WARN_UNGUARDED_AVAILABILITY = YES_AGGRESSIVE;
				CLANG_WARN_UNREACHABLE_CODE = YES;
				CLANG_WARN__DUPLICATE_METHOD_MATCH = YES;
				CODE_SIGN_IDENTITY = "iPhone Developer";
				COPY_PHASE_STRIP = NO;
				DEBUG_INFORMATION_FORMAT = dwarf;
				ENABLE_STRICT_OBJC_MSGSEND = YES;
				ENABLE_TESTABILITY = YES;
				GCC_C_LANGUAGE_STANDARD = gnu11;
				GCC_DYNAMIC_NO_PIC = NO;
				GCC_NO_COMMON_BLOCKS = YES;
				GCC_OPTIMIZATION_LEVEL = 0;
				GCC_PREPROCESSOR_DEFINITIONS = (
					"DEBUG=1",
					"$(inherited)",
				);
				GCC_WARN_64_TO_32_BIT_CONVERSION = YES;
				GCC_WARN_ABOUT_RETURN_TYPE = YES_ERROR;
				GCC_WARN_UNDECLARED_SELECTOR = YES;
				GCC_WARN_UNINITIALIZED_AUTOS = YES_AGGRESSIVE;
				GCC_WARN_UNUSED_FUNCTION = YES;
				GCC_WARN_UNUSED_VARIABLE = YES;
				IPHONEOS_DEPLOYMENT_TARGET = 11.3;
				MTL_ENABLE_DEBUG_INFO = YES;
				ONLY_ACTIVE_ARCH = YES;
				SDKROOT = iphoneos;
			};
			name = Debug;
		};
		07062E1B20E4D62D00409EFF /* Release */ = {
			isa = XCBuildConfiguration;
			buildSettings = {
				ALWAYS_SEARCH_USER_PATHS = NO;
				CLANG_ANALYZER_NONNULL = YES;
				CLANG_ANALYZER_NUMBER_OBJECT_CONVERSION = YES_AGGRESSIVE;
				CLANG_CXX_LANGUAGE_STANDARD = "gnu++14";
				CLANG_CXX_LIBRARY = "libc++";
				CLANG_ENABLE_MODULES = YES;
				CLANG_ENABLE_OBJC_ARC = YES;
				CLANG_ENABLE_OBJC_WEAK = YES;
				CLANG_WARN_BLOCK_CAPTURE_AUTORELEASING = YES;
				CLANG_WARN_BOOL_CONVERSION = YES;
				CLANG_WARN_COMMA = YES;
				CLANG_WARN_CONSTANT_CONVERSION = YES;
				CLANG_WARN_DEPRECATED_OBJC_IMPLEMENTATIONS = YES;
				CLANG_WARN_DIRECT_OBJC_ISA_USAGE = YES_ERROR;
				CLANG_WARN_DOCUMENTATION_COMMENTS = YES;
				CLANG_WARN_EMPTY_BODY = YES;
				CLANG_WARN_ENUM_CONVERSION = YES;
				CLANG_WARN_INFINITE_RECURSION = YES;
				CLANG_WARN_INT_CONVERSION = YES;
				CLANG_WARN_NON_LITERAL_NULL_CONVERSION = YES;
				CLANG_WARN_OBJC_IMPLICIT_RETAIN_SELF = YES;
				CLANG_WARN_OBJC_LITERAL_CONVERSION = YES;
				CLANG_WARN_OBJC_ROOT_CLASS = YES_ERROR;
				CLANG_WARN_RANGE_LOOP_ANALYSIS = YES;
				CLANG_WARN_STRICT_PROTOTYPES = YES;
				CLANG_WARN_SUSPICIOUS_MOVE = YES;
				CLANG_WARN_UNGUARDED_AVAILABILITY = YES_AGGRESSIVE;
				CLANG_WARN_UNREACHABLE_CODE = YES;
				CLANG_WARN__DUPLICATE_METHOD_MATCH = YES;
				CODE_SIGN_IDENTITY = "iPhone Developer";
				COPY_PHASE_STRIP = NO;
				DEBUG_INFORMATION_FORMAT = "dwarf-with-dsym";
				ENABLE_NS_ASSERTIONS = NO;
				ENABLE_STRICT_OBJC_MSGSEND = YES;
				GCC_C_LANGUAGE_STANDARD = gnu11;
				GCC_NO_COMMON_BLOCKS = YES;
				GCC_WARN_64_TO_32_BIT_CONVERSION = YES;
				GCC_WARN_ABOUT_RETURN_TYPE = YES_ERROR;
				GCC_WARN_UNDECLARED_SELECTOR = YES;
				GCC_WARN_UNINITIALIZED_AUTOS = YES_AGGRESSIVE;
				GCC_WARN_UNUSED_FUNCTION = YES;
				GCC_WARN_UNUSED_VARIABLE = YES;
				IPHONEOS_DEPLOYMENT_TARGET = 11.3;
				MTL_ENABLE_DEBUG_INFO = NO;
				SDKROOT = iphoneos;
				VALIDATE_PRODUCT = YES;
			};
			name = Release;
		};
		07062E1D20E4D62D00409EFF /* Debug */ = {
			isa = XCBuildConfiguration;
			buildSettings = {
				ASSETCATALOG_COMPILER_APPICON_NAME = AppIcon;
				CODE_SIGN_STYLE = Automatic;
				DEVELOPMENT_TEAM = 7VQH7H24HA;
				ENABLE_BITCODE = NO;
				HEADER_SEARCH_PATHS = "$(PROJECT_DIR)/FFMpeg3/include";
				INFOPLIST_FILE = GleeeLiFFMpeg/Info.plist;
				IPHONEOS_DEPLOYMENT_TARGET = 9.0;
				LD_RUNPATH_SEARCH_PATHS = (
					"$(inherited)",
					"@executable_path/Frameworks",
				);
				LIBRARY_SEARCH_PATHS = (
					"$(inherited)",
					"$(PROJECT_DIR)/GleeeLiFFMpeg/Vendor/FFMpeg",
				);
				PRODUCT_BUNDLE_IDENTIFIER = com.gleeli.ffmpeg.GleeeLiFFMpeg;
				PRODUCT_NAME = "$(TARGET_NAME)";
				TARGETED_DEVICE_FAMILY = "1,2";
			};
			name = Debug;
		};
		07062E1E20E4D62D00409EFF /* Release */ = {
			isa = XCBuildConfiguration;
			buildSettings = {
				ASSETCATALOG_COMPILER_APPICON_NAME = AppIcon;
				CODE_SIGN_STYLE = Automatic;
				DEVELOPMENT_TEAM = 7VQH7H24HA;
				ENABLE_BITCODE = NO;
				HEADER_SEARCH_PATHS = "$(PROJECT_DIR)/FFMpeg3/include";
				INFOPLIST_FILE = GleeeLiFFMpeg/Info.plist;
				IPHONEOS_DEPLOYMENT_TARGET = 9.0;
				LD_RUNPATH_SEARCH_PATHS = (
					"$(inherited)",
					"@executable_path/Frameworks",
				);
				LIBRARY_SEARCH_PATHS = (
					"$(inherited)",
					"$(PROJECT_DIR)/GleeeLiFFMpeg/Vendor/FFMpeg",
				);
				PRODUCT_BUNDLE_IDENTIFIER = com.gleeli.ffmpeg.GleeeLiFFMpeg;
				PRODUCT_NAME = "$(TARGET_NAME)";
				TARGETED_DEVICE_FAMILY = "1,2";
			};
			name = Release;
		};
		07062E2020E4D62D00409EFF /* Debug */ = {
			isa = XCBuildConfiguration;
			buildSettings = {
				BUNDLE_LOADER = "$(TEST_HOST)";
				CODE_SIGN_STYLE = Automatic;
				INFOPLIST_FILE = GleeeLiFFMpegTests/Info.plist;
				LD_RUNPATH_SEARCH_PATHS = (
					"$(inherited)",
					"@executable_path/Frameworks",
					"@loader_path/Frameworks",
				);
				PRODUCT_BUNDLE_IDENTIFIER = com.gleeli.ffmpeg.GleeeLiFFMpegTests;
				PRODUCT_NAME = "$(TARGET_NAME)";
				TARGETED_DEVICE_FAMILY = "1,2";
				TEST_HOST = "$(BUILT_PRODUCTS_DIR)/GleeeLiFFMpeg.app/GleeeLiFFMpeg";
			};
			name = Debug;
		};
		07062E2120E4D62D00409EFF /* Release */ = {
			isa = XCBuildConfiguration;
			buildSettings = {
				BUNDLE_LOADER = "$(TEST_HOST)";
				CODE_SIGN_STYLE = Automatic;
				INFOPLIST_FILE = GleeeLiFFMpegTests/Info.plist;
				LD_RUNPATH_SEARCH_PATHS = (
					"$(inherited)",
					"@executable_path/Frameworks",
					"@loader_path/Frameworks",
				);
				PRODUCT_BUNDLE_IDENTIFIER = com.gleeli.ffmpeg.GleeeLiFFMpegTests;
				PRODUCT_NAME = "$(TARGET_NAME)";
				TARGETED_DEVICE_FAMILY = "1,2";
				TEST_HOST = "$(BUILT_PRODUCTS_DIR)/GleeeLiFFMpeg.app/GleeeLiFFMpeg";
			};
			name = Release;
		};
		07062E2320E4D62D00409EFF /* Debug */ = {
			isa = XCBuildConfiguration;
			buildSettings = {
				CODE_SIGN_STYLE = Automatic;
				INFOPLIST_FILE = GleeeLiFFMpegUITests/Info.plist;
				LD_RUNPATH_SEARCH_PATHS = (
					"$(inherited)",
					"@executable_path/Frameworks",
					"@loader_path/Frameworks",
				);
				PRODUCT_BUNDLE_IDENTIFIER = com.gleeli.ffmpeg.GleeeLiFFMpegUITests;
				PRODUCT_NAME = "$(TARGET_NAME)";
				TARGETED_DEVICE_FAMILY = "1,2";
				TEST_TARGET_NAME = GleeeLiFFMpeg;
			};
			name = Debug;
		};
		07062E2420E4D62D00409EFF /* Release */ = {
			isa = XCBuildConfiguration;
			buildSettings = {
				CODE_SIGN_STYLE = Automatic;
				INFOPLIST_FILE = GleeeLiFFMpegUITests/Info.plist;
				LD_RUNPATH_SEARCH_PATHS = (
					"$(inherited)",
					"@executable_path/Frameworks",
					"@loader_path/Frameworks",
				);
				PRODUCT_BUNDLE_IDENTIFIER = com.gleeli.ffmpeg.GleeeLiFFMpegUITests;
				PRODUCT_NAME = "$(TARGET_NAME)";
				TARGETED_DEVICE_FAMILY = "1,2";
				TEST_TARGET_NAME = GleeeLiFFMpeg;
			};
			name = Release;
		};
/* End XCBuildConfiguration section */

/* Begin XCConfigurationList section */
		07062DEB20E4D62300409EFF /* Build configuration list for PBXProject "GleeeLiFFMpeg" */ = {
			isa = XCConfigurationList;
			buildConfigurations = (
				07062E1A20E4D62D00409EFF /* Debug */,
				07062E1B20E4D62D00409EFF /* Release */,
			);
			defaultConfigurationIsVisible = 0;
			defaultConfigurationName = Release;
		};
		07062E1C20E4D62D00409EFF /* Build configuration list for PBXNativeTarget "GleeeLiFFMpeg" */ = {
			isa = XCConfigurationList;
			buildConfigurations = (
				07062E1D20E4D62D00409EFF /* Debug */,
				07062E1E20E4D62D00409EFF /* Release */,
			);
			defaultConfigurationIsVisible = 0;
			defaultConfigurationName = Release;
		};
		07062E1F20E4D62D00409EFF /* Build configuration list for PBXNativeTarget "GleeeLiFFMpegTests" */ = {
			isa = XCConfigurationList;
			buildConfigurations = (
				07062E2020E4D62D00409EFF /* Debug */,
				07062E2120E4D62D00409EFF /* Release */,
			);
			defaultConfigurationIsVisible = 0;
			defaultConfigurationName = Release;
		};
		07062E2220E4D62D00409EFF /* Build configuration list for PBXNativeTarget "GleeeLiFFMpegUITests" */ = {
			isa = XCConfigurationList;
			buildConfigurations = (
				07062E2320E4D62D00409EFF /* Debug */,
				07062E2420E4D62D00409EFF /* Release */,
			);
			defaultConfigurationIsVisible = 0;
			defaultConfigurationName = Release;
		};
/* End XCConfigurationList section */
	};
	rootObject = 07062DE820E4D62300409EFF /* Project object */;
}
